<?xml version="1.0" encoding="utf-8"?>
<Project ToolsVersion="4.0" xmlns="http://schemas.microsoft.com/developer/msbuild/2003">
  <ItemGroup>
    <Filter Include="ソース ファイル">
      <UniqueIdentifier>{4FC737F1-C7A5-4376-A066-2A32D752A2FF}</UniqueIdentifier>
      <Extensions>cpp;c;cc;cxx;def;odl;idl;hpj;bat;asm;asmx</Extensions>
    </Filter>
    <Filter Include="ヘッダー ファイル">
      <UniqueIdentifier>{93995380-89BD-4b04-88EB-625FBE52EBFB}</UniqueIdentifier>
      <Extensions>h;hh;hpp;hxx;hm;inl;inc;xsd</Extensions>
    </Filter>
    <Filter Include="リソース ファイル">
      <UniqueIdentifier>{67DA6AB6-F800-4c08-8B7A-83BB121AAD01}</UniqueIdentifier>
      <Extensions>rc;ico;cur;bmp;dlg;rc2;rct;bin;rgs;gif;jpg;jpeg;jpe;resx;tiff;tif;png;wav;mfcribbon-ms</Extensions>
    </Filter>
    <Filter Include="ソース ファイル\CTest">
      <UniqueIdentifier>{5fe6e8e4-fc4f-438d-b376-7143bec69df9}</UniqueIdentifier>
    </Filter>
    <Filter Include="ソース ファイル\CppTest">
      <UniqueIdentifier>{538caa9a-aa26-4bfd-9729-4f1e7337b559}</UniqueIdentifier>
    </Filter>
  </ItemGroup>
  <ItemGroup>
    <Text Include="ReadMe.txt" />
  </ItemGroup>
  <ItemGroup>
    <ClInclude Include="stdafx.h">
      <Filter>ヘッダー ファイル</Filter>
    </ClInclude>
    <ClInclude Include="targetver.h">
      <Filter>ヘッダー ファイル</Filter>
    </ClInclude>
    <ClInclude Include="CTest1.hpp">
      <Filter>ヘッダー ファイル</Filter>
    </ClInclude>
    <ClInclude Include="CTest.hpp">
      <Filter>ヘッダー ファイル</Filter>
    </ClInclude>
    <ClInclude Include="StructTest1.h">
      <Filter>ヘッダー ファイル</Filter>
    </ClInclude>
    <ClInclude Include="CppTest.hpp">
      <Filter>ヘッダー ファイル</Filter>
    </ClInclude>
  </ItemGroup>
  <ItemGroup>
    <ClCompile Include="stdafx.cpp">
      <Filter>ソース ファイル</Filter>
    </ClCompile>
    <ClCompile Include="ConsoleApplication1.cpp">
      <Filter>ソース ファイル</Filter>
    </ClCompile>
    <ClCompile Include="CTest1.cpp">
      <Filter>ソース ファイル</Filter>
    </ClCompile>
    <ClCompile Include="CTestIf.cpp">
      <Filter>ソース ファイル\CTest</Filter>
    </ClCompile>
    <ClCompile Include="CTestStr.cpp">
      <Filter>ソース ファイル\CTest</Filter>
    </ClCompile>
    <ClCompile Include="CTestLoop.cpp">
      <Filter>ソース ファイル\CTest</Filter>
    </ClCompile>
    <ClCompile Include="CTestArray.cpp">
      <Filter>ソース ファイル\CTest</Filter>
    </ClCompile>
    <ClCompile Include="CTestVar.cpp">
      <Filter>ソース ファイル\CTest</Filter>
    </ClCompile>
    <ClCompile Include="CTestPointer.cpp">
      <Filter>ソース ファイル\CTest</Filter>
    </ClCompile>
    <ClCompile Include="CTestClass.cpp">
      <Filter>ソース ファイル\CTest</Filter>
    </ClCompile>
    <ClCompile Include="CTestSwitch.cpp">
      <Filter>ソース ファイル\CTest</Filter>
    </ClCompile>
    <ClCompile Include="CTestFunc.cpp">
      <Filter>ソース ファイル\CTest</Filter>
    </ClCompile>
    <ClCompile Include="CTestClassInherit.cpp">
      <Filter>ソース ファイル\CTest</Filter>
    </ClCompile>
    <ClCompile Include="CTestClassAccess.cpp">
      <Filter>ソース ファイル\CTest</Filter>
    </ClCompile>
    <ClCompile Include="CTestFile.cpp">
      <Filter>ソース ファイル\CTest</Filter>
    </ClCompile>
    <ClCompile Include="CTestStruct.cpp">
      <Filter>ソース ファイル\CTest</Filter>
    </ClCompile>
    <ClCompile Include="CTestMemory.cpp">
      <Filter>ソース ファイル\CTest</Filter>
    </ClCompile>
    <ClCompile Include="CTestEnum.cpp">
      <Filter>ソース ファイル\CTest</Filter>
    </ClCompile>
    <ClCompile Include="CTestExp.cpp">
      <Filter>ソース ファイル\CTest</Filter>
    </ClCompile>
    <ClCompile Include="StructTest1.cpp">
      <Filter>ソース ファイル</Filter>
    </ClCompile>
    <ClCompile Include="CTestMacro.cpp">
      <Filter>ソース ファイル\CTest</Filter>
    </ClCompile>
    <ClCompile Include="CppTest1.cpp">
      <Filter>ソース ファイル\CppTest</Filter>
    </ClCompile>
    <ClCompile Include="CppTest2.cpp">
      <Filter>ソース ファイル\CppTest</Filter>
    </ClCompile>
    <ClCompile Include="CTestMath.cpp">
      <Filter>ソース ファイル\CTest</Filter>
    </ClCompile>
    <ClCompile Include="CTestUnion.cpp">
      <Filter>ソース ファイル\CTest</Filter>
    </ClCompile>
    <ClCompile Include="CppTestAccess.cpp">
      <Filter>ソース ファイル\CppTest</Filter>
    </ClCompile>
    <ClCompile Include="CppTestBase1.cpp">
      <Filter>ソース ファイル\CppTest</Filter>
    </ClCompile>
    <ClCompile Include="CppTestOverload.cpp">
      <Filter>ソース ファイル\CppTest</Filter>
    </ClCompile>
    <ClCompile Include="CppTestNameSpace.cpp">
      <Filter>ソース ファイル\CppTest</Filter>
    </ClCompile>
    <ClCompile Include="CppTestInlineFunc.cpp">
      <Filter>ソース ファイル\CppTest</Filter>
    </ClCompile>
    <ClCompile Include="CppTestRef.cpp">
      <Filter>ソース ファイル\CppTest</Filter>
    </ClCompile>
    <ClCompile Include="CppTestFriend.cpp">
      <Filter>ソース ファイル\CppTest</Filter>
    </ClCompile>
    <ClCompile Include="CppTestInherit.cpp">
      <Filter>ソース ファイル\CppTest</Filter>
    </ClCompile>
    <ClCompile Include="CppTestVirtual.cpp">
      <Filter>ソース ファイル\CppTest</Filter>
    </ClCompile>
    <ClCompile Include="CppTestOverload2.cpp">
      <Filter>ソース ファイル\CppTest</Filter>
    </ClCompile>
    <ClCompile Include="CTestFuncP.cpp">
      <Filter>ソース ファイル\CTest</Filter>
    </ClCompile>
    <ClCompile Include="CppTestTemplate.cpp">
      <Filter>ソース ファイル\CppTest</Filter>
    </ClCompile>
    <ClCompile Include="CppTestString.cpp">
      <Filter>ソース ファイル\CppTest</Filter>
    </ClCompile>
    <ClCompile Include="CppTestList.cpp">
      <Filter>ソース ファイル\CppTest</Filter>
    </ClCompile>
    <ClCompile Include="CppTestCollection.cpp">
      <Filter>ソース ファイル\CppTest</Filter>
    </ClCompile>
  </ItemGroup>
</Project>